
Microsoft Visual Studio Solution File, Format Version 12.00
# Visual Studio 15
VisualStudioVersion = 15.0.28307.1778
MinimumVisualStudioVersion = 10.0.40219.1
Project("{FAE04EC0-301F-11D3-BF4B-00C04F79EFBC}") = "TesteCep2", "TesteCep2\TesteCep2.csproj", "{EA1C5E9A-B0B8-4275-9A19-CA126095FFD4}"
EndProject
Project("{FAE04EC0-301F-11D3-BF4B-00C04F79EFBC}") = "TesteCandidatoTriangulo", "TesteCandidatoTriangulo\TesteCandidatoTriangulo.csproj", "{D46DE247-2967-4ADB-84EF-1AF6EC4553FB}"
EndProject
Global
	GlobalSection(SolutionConfigurationPlatforms) = preSolution
		Debug|Any CPU = Debug|Any CPU
		Release|Any CPU = Release|Any CPU
	EndGlobalSection
	GlobalSection(ProjectConfigurationPlatforms) = postSolution
		{EA1C5E9A-B0B8-4275-9A19-CA126095FFD4}.Debug|Any CPU.ActiveCfg = Debug|Any CPU
		{EA1C5E9A-B0B8-4275-9A19-CA126095FFD4}.Debug|Any CPU.Build.0 = Debug|Any CPU
		{EA1C5E9A-B0B8-4275-9A19-CA126095FFD4}.Release|Any CPU.ActiveCfg = Release|Any CPU
		{EA1C5E9A-B0B8-4275-9A19-CA126095FFD4}.Release|Any CPU.Build.0 = Release|Any CPU
		{D46DE247-2967-4ADB-84EF-1AF6EC4553FB}.Debug|Any CPU.ActiveCfg = Debug|Any CPU
		{D46DE247-2967-4ADB-84EF-1AF6EC4553FB}.Debug|Any CPU.Build.0 = Debug|Any CPU
		{D46DE247-2967-4ADB-84EF-1AF6EC4553FB}.Release|Any CPU.ActiveCfg = Release|Any CPU
		{D46DE247-2967-4ADB-84EF-1AF6EC4553FB}.Release|Any CPU.Build.0 = Release|Any CPU
	EndGlobalSection
	GlobalSection(SolutionProperties) = preSolution
		HideSolutionNode = FALSE
	EndGlobalSection
	GlobalSection(ExtensibilityGlobals) = postSolution
		SolutionGuid = {BB94B276-21F4-4BEE-9D80-34B801C7A58D}
	EndGlobalSection
EndGlobal
